Microsoft Visual Studio Solution File, Format Version 12.00
# Visual Studio Version 17
VisualStudioVersion = 17.11.35431.28
MinimumVisualStudioVersion = 10.0.40219.1
Project("{8BC9CEB8-8B4A-11D0-8D11-00A0C91BC942}") = "instprov", "InstProv.vcxproj", "{D5895BC7-93BC-456D-9DEB-C4C097FBF6F8}"
EndProject
Global
	GlobalSection(SolutionConfigurationPlatforms) = preSolution
		Debug|Win32 = Debug|Win32
		Release|Win32 = Release|Win32
	EndGlobalSection
	GlobalSection(ProjectConfigurationPlatforms) = postSolution
		{D5895BC7-93BC-456D-9DEB-C4C097FBF6F8}.Debug|Win32.ActiveCfg = Debug|Win32
		{D5895BC7-93BC-456D-9DEB-C4C097FBF6F8}.Debug|Win32.Build.0 = Debug|Win32
		{D5895BC7-93BC-456D-9DEB-C4C097FBF6F8}.Release|Win32.ActiveCfg = Release|Win32
		{D5895BC7-93BC-456D-9DEB-C4C097FBF6F8}.Release|Win32.Build.0 = Release|Win32
	EndGlobalSection
	GlobalSection(SolutionProperties) = preSolution
		HideSolutionNode = FALSE
	EndGlobalSection
	GlobalSection(ExtensibilityGlobals) = postSolution
		SolutionGuid = {DEF685F5-2559-4E18-A8E5-19FC71B5B692}
	EndGlobalSection
EndGlobal
